// !$*UTF8*$!
{
	archiveVersion = 1;
	classes = {
	};
	objectVersion = 55;
	objects = {

/* Begin PBXBuildFile section */
		D00E765A2786F88E006263CB /* mnAccountView.swift in Sources */ = {isa = PBXBuildFile; fileRef = D00E76592786F88E006263CB /* mnAccountView.swift */; };
		D00E765C2786F897006263CB /* mnAboutView.swift in Sources */ = {isa = PBXBuildFile; fileRef = D00E765B2786F897006263CB /* mnAboutView.swift */; };
		D00E765E2786F8A0006263CB /* mnHelpView.swift in Sources */ = {isa = PBXBuildFile; fileRef = D00E765D2786F8A0006263CB /* mnHelpView.swift */; };
		D00E76602786F8AD006263CB /* mnSettingsView.swift in Sources */ = {isa = PBXBuildFile; fileRef = D00E765F2786F8AD006263CB /* mnSettingsView.swift */; };
		D04BCF1B27808552009E81A7 /* RegisterView.swift in Sources */ = {isa = PBXBuildFile; fileRef = D04BCF1A27808552009E81A7 /* RegisterView.swift */; };
		D04BCF20278090C0009E81A7 /* FormattingConstants.swift in Sources */ = {isa = PBXBuildFile; fileRef = D04BCF1F278090C0009E81A7 /* FormattingConstants.swift */; };
		D05879C0277F381100427BAB /* fall_detectorApp.swift in Sources */ = {isa = PBXBuildFile; fileRef = D05879BF277F381100427BAB /* fall_detectorApp.swift */; };
		D05879C2277F381100427BAB /* EntryView.swift in Sources */ = {isa = PBXBuildFile; fileRef = D05879C1277F381100427BAB /* EntryView.swift */; };
		D05879C4277F381500427BAB /* Assets.xcassets in Resources */ = {isa = PBXBuildFile; fileRef = D05879C3277F381500427BAB /* Assets.xcassets */; };
		D05879C7277F381500427BAB /* Preview Assets.xcassets in Resources */ = {isa = PBXBuildFile; fileRef = D05879C6277F381500427BAB /* Preview Assets.xcassets */; };
		D05879DE277F6B7F00427BAB /* LoginView.swift in Sources */ = {isa = PBXBuildFile; fileRef = D05879DD277F6B7F00427BAB /* LoginView.swift */; };
		D0C66CDA2780B43D00C9D1ED /* CustomViews.swift in Sources */ = {isa = PBXBuildFile; fileRef = D0C66CD92780B43D00C9D1ED /* CustomViews.swift */; };
		D0C66CDC2780BB4B00C9D1ED /* CustomViewModifiers.swift in Sources */ = {isa = PBXBuildFile; fileRef = D0C66CDB2780BB4B00C9D1ED /* CustomViewModifiers.swift */; };
		D0C66CDE2780CEC500C9D1ED /* CustomStyles.swift in Sources */ = {isa = PBXBuildFile; fileRef = D0C66CDD2780CEC500C9D1ED /* CustomStyles.swift */; };
		D0C66CE02781181200C9D1ED /* MainView.swift in Sources */ = {isa = PBXBuildFile; fileRef = D0C66CDF2781181100C9D1ED /* MainView.swift */; };
		D0C66CE22781C8F600C9D1ED /* HomeView.swift in Sources */ = {isa = PBXBuildFile; fileRef = D0C66CE12781C8F600C9D1ED /* HomeView.swift */; };
		D0C66CE42781C98800C9D1ED /* StatsView.swift in Sources */ = {isa = PBXBuildFile; fileRef = D0C66CE32781C98800C9D1ED /* StatsView.swift */; };
		D0C66CE62781C98F00C9D1ED /* MenuView.swift in Sources */ = {isa = PBXBuildFile; fileRef = D0C66CE52781C98F00C9D1ED /* MenuView.swift */; };
/* End PBXBuildFile section */

/* Begin PBXFileReference section */
		D00E76592786F88E006263CB /* mnAccountView.swift */ = {isa = PBXFileReference; lastKnownFileType = sourcecode.swift; path = mnAccountView.swift; sourceTree = "<group>"; };
		D00E765B2786F897006263CB /* mnAboutView.swift */ = {isa = PBXFileReference; lastKnownFileType = sourcecode.swift; path = mnAboutView.swift; sourceTree = "<group>"; };
		D00E765D2786F8A0006263CB /* mnHelpView.swift */ = {isa = PBXFileReference; lastKnownFileType = sourcecode.swift; path = mnHelpView.swift; sourceTree = "<group>"; };
		D00E765F2786F8AD006263CB /* mnSettingsView.swift */ = {isa = PBXFileReference; lastKnownFileType = sourcecode.swift; path = mnSettingsView.swift; sourceTree = "<group>"; };
		D04BCF1A27808552009E81A7 /* RegisterView.swift */ = {isa = PBXFileReference; lastKnownFileType = sourcecode.swift; path = RegisterView.swift; sourceTree = "<group>"; };
		D04BCF1F278090C0009E81A7 /* FormattingConstants.swift */ = {isa = PBXFileReference; lastKnownFileType = sourcecode.swift; path = FormattingConstants.swift; sourceTree = "<group>"; };
		D04BCF2127809E1C009E81A7 /* Info.plist */ = {isa = PBXFileReference; lastKnownFileType = text.plist; path = Info.plist; sourceTree = "<group>"; };
		D05879BC277F381100427BAB /* fall-detector.app */ = {isa = PBXFileReference; explicitFileType = wrapper.application; includeInIndex = 0; path = "fall-detector.app"; sourceTree = BUILT_PRODUCTS_DIR; };
		D05879BF277F381100427BAB /* fall_detectorApp.swift */ = {isa = PBXFileReference; lastKnownFileType = sourcecode.swift; path = fall_detectorApp.swift; sourceTree = "<group>"; };
		D05879C1277F381100427BAB /* EntryView.swift */ = {isa = PBXFileReference; lastKnownFileType = sourcecode.swift; path = EntryView.swift; sourceTree = "<group>"; };
		D05879C3277F381500427BAB /* Assets.xcassets */ = {isa = PBXFileReference; lastKnownFileType = folder.assetcatalog; path = Assets.xcassets; sourceTree = "<group>"; };
		D05879C6277F381500427BAB /* Preview Assets.xcassets */ = {isa = PBXFileReference; lastKnownFileType = folder.assetcatalog; path = "Preview Assets.xcassets"; sourceTree = "<group>"; };
		D05879DD277F6B7F00427BAB /* LoginView.swift */ = {isa = PBXFileReference; lastKnownFileType = sourcecode.swift; path = LoginView.swift; sourceTree = "<group>"; };
		D0C66CD92780B43D00C9D1ED /* CustomViews.swift */ = {isa = PBXFileReference; lastKnownFileType = sourcecode.swift; path = CustomViews.swift; sourceTree = "<group>"; };
		D0C66CDB2780BB4B00C9D1ED /* CustomViewModifiers.swift */ = {isa = PBXFileReference; lastKnownFileType = sourcecode.swift; path = CustomViewModifiers.swift; sourceTree = "<group>"; };
		D0C66CDD2780CEC500C9D1ED /* CustomStyles.swift */ = {isa = PBXFileReference; lastKnownFileType = sourcecode.swift; path = CustomStyles.swift; sourceTree = "<group>"; };
		D0C66CDF2781181100C9D1ED /* MainView.swift */ = {isa = PBXFileReference; lastKnownFileType = sourcecode.swift; path = MainView.swift; sourceTree = "<group>"; };
		D0C66CE12781C8F600C9D1ED /* HomeView.swift */ = {isa = PBXFileReference; lastKnownFileType = sourcecode.swift; path = HomeView.swift; sourceTree = "<group>"; };
		D0C66CE32781C98800C9D1ED /* StatsView.swift */ = {isa = PBXFileReference; lastKnownFileType = sourcecode.swift; path = StatsView.swift; sourceTree = "<group>"; };
		D0C66CE52781C98F00C9D1ED /* MenuView.swift */ = {isa = PBXFileReference; lastKnownFileType = sourcecode.swift; path = MenuView.swift; sourceTree = "<group>"; };
/* End PBXFileReference section */

/* Begin PBXFrameworksBuildPhase section */
		D05879B9277F381100427BAB /* Frameworks */ = {
			isa = PBXFrameworksBuildPhase;
			buildActionMask = 2147483647;
			files = (
			);
			runOnlyForDeploymentPostprocessing = 0;
		};
/* End PBXFrameworksBuildPhase section */

/* Begin PBXGroup section */
		D04BCF1E278090AE009E81A7 /* Constants */ = {
			isa = PBXGroup;
			children = (
				D04BCF1F278090C0009E81A7 /* FormattingConstants.swift */,
			);
			path = Constants;
			sourceTree = "<group>";
		};
		D05879B3277F381100427BAB = {
			isa = PBXGroup;
			children = (
				D05879BE277F381100427BAB /* fall-detector */,
				D05879BD277F381100427BAB /* Products */,
			);
			sourceTree = "<group>";
		};
		D05879BD277F381100427BAB /* Products */ = {
			isa = PBXGroup;
			children = (
				D05879BC277F381100427BAB /* fall-detector.app */,
			);
			name = Products;
			sourceTree = "<group>";
		};
		D05879BE277F381100427BAB /* fall-detector */ = {
			isa = PBXGroup;
			children = (
				D04BCF2127809E1C009E81A7 /* Info.plist */,
				D04BCF1E278090AE009E81A7 /* Constants */,
				D05879DA277F5AB100427BAB /* Views */,
				D05879CD277F502E00427BAB /* SwiftUI-classes */,
				D05879BF277F381100427BAB /* fall_detectorApp.swift */,
				D05879C3277F381500427BAB /* Assets.xcassets */,
				D05879C5277F381500427BAB /* Preview Content */,
			);
			path = "fall-detector";
			sourceTree = "<group>";
		};
		D05879C5277F381500427BAB /* Preview Content */ = {
			isa = PBXGroup;
			children = (
				D05879C6277F381500427BAB /* Preview Assets.xcassets */,
			);
			path = "Preview Content";
			sourceTree = "<group>";
		};
		D05879CD277F502E00427BAB /* SwiftUI-classes */ = {
			isa = PBXGroup;
			children = (
				D0C66CD92780B43D00C9D1ED /* CustomViews.swift */,
				D0C66CDB2780BB4B00C9D1ED /* CustomViewModifiers.swift */,
				D0C66CDD2780CEC500C9D1ED /* CustomStyles.swift */,
			);
			path = "SwiftUI-classes";
			sourceTree = "<group>";
		};
		D05879DA277F5AB100427BAB /* Views */ = {
			isa = PBXGroup;
			children = (
				D05879C1277F381100427BAB /* EntryView.swift */,
				D05879DD277F6B7F00427BAB /* LoginView.swift */,
				D04BCF1A27808552009E81A7 /* RegisterView.swift */,
				D0C66CDF2781181100C9D1ED /* MainView.swift */,
				D0C66CE12781C8F600C9D1ED /* HomeView.swift */,
				D0C66CE32781C98800C9D1ED /* StatsView.swift */,
				D0C66CE52781C98F00C9D1ED /* MenuView.swift */,
				D00E76592786F88E006263CB /* mnAccountView.swift */,
				D00E765B2786F897006263CB /* mnAboutView.swift */,
				D00E765D2786F8A0006263CB /* mnHelpView.swift */,
				D00E765F2786F8AD006263CB /* mnSettingsView.swift */,
			);
			path = Views;
			sourceTree = "<group>";
		};
/* End PBXGroup section */

/* Begin PBXNativeTarget section */
		D05879BB277F381100427BAB /* fall-detector */ = {
			isa = PBXNativeTarget;
			buildConfigurationList = D05879CA277F381500427BAB /* Build configuration list for PBXNativeTarget "fall-detector" */;
			buildPhases = (
				D05879B8277F381100427BAB /* Sources */,
				D05879B9277F381100427BAB /* Frameworks */,
				D05879BA277F381100427BAB /* Resources */,
			);
			buildRules = (
			);
			dependencies = (
			);
			name = "fall-detector";
			productName = "fall-detector";
			productReference = D05879BC277F381100427BAB /* fall-detector.app */;
			productType = "com.apple.product-type.application";
		};
/* End PBXNativeTarget section */

/* Begin PBXProject section */
		D05879B4277F381100427BAB /* Project object */ = {
			isa = PBXProject;
			attributes = {
				BuildIndependentTargetsInParallel = 1;
				LastSwiftUpdateCheck = 1320;
				LastUpgradeCheck = 1320;
				TargetAttributes = {
					D05879BB277F381100427BAB = {
						CreatedOnToolsVersion = 13.2.1;
					};
				};
			};
			buildConfigurationList = D05879B7277F381100427BAB /* Build configuration list for PBXProject "fall-detector" */;
			compatibilityVersion = "Xcode 13.0";
			developmentRegion = en;
			hasScannedForEncodings = 0;
			knownRegions = (
				en,
				Base,
			);
			mainGroup = D05879B3277F381100427BAB;
			productRefGroup = D05879BD277F381100427BAB /* Products */;
			projectDirPath = "";
			projectRoot = "";
			targets = (
				D05879BB277F381100427BAB /* fall-detector */,
			);
		};
/* End PBXProject section */

/* Begin PBXResourcesBuildPhase section */
		D05879BA277F381100427BAB /* Resources */ = {
			isa = PBXResourcesBuildPhase;
			buildActionMask = 2147483647;
			files = (
				D05879C7277F381500427BAB /* Preview Assets.xcassets in Resources */,
				D05879C4277F381500427BAB /* Assets.xcassets in Resources */,
			);
			runOnlyForDeploymentPostprocessing = 0;
		};
/* End PBXResourcesBuildPhase section */

/* Begin PBXSourcesBuildPhase section */
		D05879B8277F381100427BAB /* Sources */ = {
			isa = PBXSourcesBuildPhase;
			buildActionMask = 2147483647;
			files = (
				D0C66CE42781C98800C9D1ED /* StatsView.swift in Sources */,
				D0C66CE62781C98F00C9D1ED /* MenuView.swift in Sources */,
				D05879C2277F381100427BAB /* EntryView.swift in Sources */,
				D00E765C2786F897006263CB /* mnAboutView.swift in Sources */,
				D04BCF1B27808552009E81A7 /* RegisterView.swift in Sources */,
				D05879DE277F6B7F00427BAB /* LoginView.swift in Sources */,
				D00E76602786F8AD006263CB /* mnSettingsView.swift in Sources */,
				D0C66CE22781C8F600C9D1ED /* HomeView.swift in Sources */,
				D0C66CDC2780BB4B00C9D1ED /* CustomViewModifiers.swift in Sources */,
				D0C66CDE2780CEC500C9D1ED /* CustomStyles.swift in Sources */,
				D04BCF20278090C0009E81A7 /* FormattingConstants.swift in Sources */,
				D00E765E2786F8A0006263CB /* mnHelpView.swift in Sources */,
				D00E765A2786F88E006263CB /* mnAccountView.swift in Sources */,
				D0C66CDA2780B43D00C9D1ED /* CustomViews.swift in Sources */,
				D0C66CE02781181200C9D1ED /* MainView.swift in Sources */,
				D05879C0277F381100427BAB /* fall_detectorApp.swift in Sources */,
			);
			runOnlyForDeploymentPostprocessing = 0;
		};
/* End PBXSourcesBuildPhase section */

/* Begin XCBuildConfiguration section */
		D05879C8277F381500427BAB /* Debug */ = {
			isa = XCBuildConfiguration;
			buildSettings = {
				ALWAYS_SEARCH_USER_PATHS = NO;
				CLANG_ANALYZER_NONNULL = YES;
				CLANG_ANALYZER_NUMBER_OBJECT_CONVERSION = YES_AGGRESSIVE;
				CLANG_CXX_LANGUAGE_STANDARD = "gnu++17";
				CLANG_CXX_LIBRARY = "libc++";
				CLANG_ENABLE_MODULES = YES;
				CLANG_ENABLE_OBJC_ARC = YES;
				CLANG_ENABLE_OBJC_WEAK = YES;
				CLANG_WARN_BLOCK_CAPTURE_AUTORELEASING = YES;
				CLANG_WARN_BOOL_CONVERSION = YES;
				CLANG_WARN_COMMA = YES;
				CLANG_WARN_CONSTANT_CONVERSION = YES;
				CLANG_WARN_DEPRECATED_OBJC_IMPLEMENTATIONS = YES;
				CLANG_WARN_DIRECT_OBJC_ISA_USAGE = YES_ERROR;
				CLANG_WARN_DOCUMENTATION_COMMENTS = YES;
				CLANG_WARN_EMPTY_BODY = YES;
				CLANG_WARN_ENUM_CONVERSION = YES;
				CLANG_WARN_INFINITE_RECURSION = YES;
				CLANG_WARN_INT_CONVERSION = YES;
				CLANG_WARN_NON_LITERAL_NULL_CONVERSION = YES;
				CLANG_WARN_OBJC_IMPLICIT_RETAIN_SELF = YES;
				CLANG_WARN_OBJC_LITERAL_CONVERSION = YES;
				CLANG_WARN_OBJC_ROOT_CLASS = YES_ERROR;
				CLANG_WARN_QUOTED_INCLUDE_IN_FRAMEWORK_HEADER = YES;
				CLANG_WARN_RANGE_LOOP_ANALYSIS = YES;
				CLANG_WARN_STRICT_PROTOTYPES = YES;
				CLANG_WARN_SUSPICIOUS_MOVE = YES;
				CLANG_WARN_UNGUARDED_AVAILABILITY = YES_AGGRESSIVE;
				CLANG_WARN_UNREACHABLE_CODE = YES;
				CLANG_WARN__DUPLICATE_METHOD_MATCH = YES;
				COPY_PHASE_STRIP = NO;
				DEBUG_INFORMATION_FORMAT = dwarf;
				ENABLE_STRICT_OBJC_MSGSEND = YES;
				ENABLE_TESTABILITY = YES;
				GCC_C_LANGUAGE_STANDARD = gnu11;
				GCC_DYNAMIC_NO_PIC = NO;
				GCC_NO_COMMON_BLOCKS = YES;
				GCC_OPTIMIZATION_LEVEL = 0;
				GCC_PREPROCESSOR_DEFINITIONS = (
					"DEBUG=1",
					"$(inherited)",
				);
				GCC_WARN_64_TO_32_BIT_CONVERSION = YES;
				GCC_WARN_ABOUT_RETURN_TYPE = YES_ERROR;
				GCC_WARN_UNDECLARED_SELECTOR = YES;
				GCC_WARN_UNINITIALIZED_AUTOS = YES_AGGRESSIVE;
				GCC_WARN_UNUSED_FUNCTION = YES;
				GCC_WARN_UNUSED_VARIABLE = YES;
				IPHONEOS_DEPLOYMENT_TARGET = 15.2;
				MTL_ENABLE_DEBUG_INFO = INCLUDE_SOURCE;
				MTL_FAST_MATH = YES;
				ONLY_ACTIVE_ARCH = YES;
				SDKROOT = iphoneos;
				SWIFT_ACTIVE_COMPILATION_CONDITIONS = DEBUG;
				SWIFT_OPTIMIZATION_LEVEL = "-Onone";
			};
			name = Debug;
		};
		D05879C9277F381500427BAB /* Release */ = {
			isa = XCBuildConfiguration;
			buildSettings = {
				ALWAYS_SEARCH_USER_PATHS = NO;
				CLANG_ANALYZER_NONNULL = YES;
				CLANG_ANALYZER_NUMBER_OBJECT_CONVERSION = YES_AGGRESSIVE;
				CLANG_CXX_LANGUAGE_STANDARD = "gnu++17";
				CLANG_CXX_LIBRARY = "libc++";
				CLANG_ENABLE_MODULES = YES;
				CLANG_ENABLE_OBJC_ARC = YES;
				CLANG_ENABLE_OBJC_WEAK = YES;
				CLANG_WARN_BLOCK_CAPTURE_AUTORELEASING = YES;
				CLANG_WARN_BOOL_CONVERSION = YES;
				CLANG_WARN_COMMA = YES;
				CLANG_WARN_CONSTANT_CONVERSION = YES;
				CLANG_WARN_DEPRECATED_OBJC_IMPLEMENTATIONS = YES;
				CLANG_WARN_DIRECT_OBJC_ISA_USAGE = YES_ERROR;
				CLANG_WARN_DOCUMENTATION_COMMENTS = YES;
				CLANG_WARN_EMPTY_BODY = YES;
				CLANG_WARN_ENUM_CONVERSION = YES;
				CLANG_WARN_INFINITE_RECURSION = YES;
				CLANG_WARN_INT_CONVERSION = YES;
				CLANG_WARN_NON_LITERAL_NULL_CONVERSION = YES;
				CLANG_WARN_OBJC_IMPLICIT_RETAIN_SELF = YES;
				CLANG_WARN_OBJC_LITERAL_CONVERSION = YES;
				CLANG_WARN_OBJC_ROOT_CLASS = YES_ERROR;
				CLANG_WARN_QUOTED_INCLUDE_IN_FRAMEWORK_HEADER = YES;
				CLANG_WARN_RANGE_LOOP_ANALYSIS = YES;
				CLANG_WARN_STRICT_PROTOTYPES = YES;
				CLANG_WARN_SUSPICIOUS_MOVE = YES;
				CLANG_WARN_UNGUARDED_AVAILABILITY = YES_AGGRESSIVE;
				CLANG_WARN_UNREACHABLE_CODE = YES;
				CLANG_WARN__DUPLICATE_METHOD_MATCH = YES;
				COPY_PHASE_STRIP = NO;
				DEBUG_INFORMATION_FORMAT = "dwarf-with-dsym";
				ENABLE_NS_ASSERTIONS = NO;
				ENABLE_STRICT_OBJC_MSGSEND = YES;
				GCC_C_LANGUAGE_STANDARD = gnu11;
				GCC_NO_COMMON_BLOCKS = YES;
				GCC_WARN_64_TO_32_BIT_CONVERSION = YES;
				GCC_WARN_ABOUT_RETURN_TYPE = YES_ERROR;
				GCC_WARN_UNDECLARED_SELECTOR = YES;
				GCC_WARN_UNINITIALIZED_AUTOS = YES_AGGRESSIVE;
				GCC_WARN_UNUSED_FUNCTION = YES;
				GCC_WARN_UNUSED_VARIABLE = YES;
				IPHONEOS_DEPLOYMENT_TARGET = 15.2;
				MTL_ENABLE_DEBUG_INFO = NO;
				MTL_FAST_MATH = YES;
				SDKROOT = iphoneos;
				SWIFT_COMPILATION_MODE = wholemodule;
				SWIFT_OPTIMIZATION_LEVEL = "-O";
				VALIDATE_PRODUCT = YES;
			};
			name = Release;
		};
		D05879CB277F381500427BAB /* Debug */ = {
			isa = XCBuildConfiguration;
			buildSettings = {
				ASSETCATALOG_COMPILER_APPICON_NAME = AppIcon;
				ASSETCATALOG_COMPILER_GLOBAL_ACCENT_COLOR_NAME = AccentColor;
				CODE_SIGN_STYLE = Automatic;
				CURRENT_PROJECT_VERSION = 1;
				DEVELOPMENT_ASSET_PATHS = "\"fall-detector/Preview Content\"";
				DEVELOPMENT_TEAM = 4KJDTQP569;
				ENABLE_PREVIEWS = YES;
				GENERATE_INFOPLIST_FILE = YES;
				INFOPLIST_FILE = "fall-detector/Info.plist";
				INFOPLIST_KEY_UIApplicationSceneManifest_Generation = YES;
				INFOPLIST_KEY_UIApplicationSupportsIndirectInputEvents = YES;
				INFOPLIST_KEY_UILaunchScreen_Generation = YES;
				INFOPLIST_KEY_UISupportedInterfaceOrientations = UIInterfaceOrientationPortrait;
				INFOPLIST_KEY_UISupportedInterfaceOrientations_iPad = "UIInterfaceOrientationPortrait UIInterfaceOrientationPortraitUpsideDown UIInterfaceOrientationLandscapeLeft UIInterfaceOrientationLandscapeRight";
				INFOPLIST_KEY_UISupportedInterfaceOrientations_iPhone = "UIInterfaceOrientationPortrait UIInterfaceOrientationLandscapeLeft UIInterfaceOrientationLandscapeRight";
				INFOPLIST_KEY_UIUserInterfaceStyle = Dark;
				LD_RUNPATH_SEARCH_PATHS = (
					"$(inherited)",
					"@executable_path/Frameworks",
				);
				MARKETING_VERSION = 1.0;
				PRODUCT_BUNDLE_IDENTIFIER = "ug4-honours-project.fall-detector";
				PRODUCT_NAME = "$(TARGET_NAME)";
				SWIFT_EMIT_LOC_STRINGS = YES;
				SWIFT_VERSION = 5.0;
				TARGETED_DEVICE_FAMILY = 1;
			};
			name = Debug;
		};
		D05879CC277F381500427BAB /* Release */ = {
			isa = XCBuildConfiguration;
			buildSettings = {
				ASSETCATALOG_COMPILER_APPICON_NAME = AppIcon;
				ASSETCATALOG_COMPILER_GLOBAL_ACCENT_COLOR_NAME = AccentColor;
				CODE_SIGN_STYLE = Automatic;
				CURRENT_PROJECT_VERSION = 1;
				DEVELOPMENT_ASSET_PATHS = "\"fall-detector/Preview Content\"";
				DEVELOPMENT_TEAM = 4KJDTQP569;
				ENABLE_PREVIEWS = YES;
				GENERATE_INFOPLIST_FILE = YES;
				INFOPLIST_FILE = "fall-detector/Info.plist";
				INFOPLIST_KEY_UIApplicationSceneManifest_Generation = YES;
				INFOPLIST_KEY_UIApplicationSupportsIndirectInputEvents = YES;
				INFOPLIST_KEY_UILaunchScreen_Generation = YES;
				INFOPLIST_KEY_UISupportedInterfaceOrientations = UIInterfaceOrientationPortrait;
				INFOPLIST_KEY_UISupportedInterfaceOrientations_iPad = "UIInterfaceOrientationPortrait UIInterfaceOrientationPortraitUpsideDown UIInterfaceOrientationLandscapeLeft UIInterfaceOrientationLandscapeRight";
				INFOPLIST_KEY_UISupportedInterfaceOrientations_iPhone = "UIInterfaceOrientationPortrait UIInterfaceOrientationLandscapeLeft UIInterfaceOrientationLandscapeRight";
				INFOPLIST_KEY_UIUserInterfaceStyle = Dark;
				LD_RUNPATH_SEARCH_PATHS = (
					"$(inherited)",
					"@executable_path/Frameworks",
				);
				MARKETING_VERSION = 1.0;
				PRODUCT_BUNDLE_IDENTIFIER = "ug4-honours-project.fall-detector";
				PRODUCT_NAME = "$(TARGET_NAME)";
				SWIFT_EMIT_LOC_STRINGS = YES;
				SWIFT_VERSION = 5.0;
				TARGETED_DEVICE_FAMILY = 1;
			};
			name = Release;
		};
/* End XCBuildConfiguration section */

/* Begin XCConfigurationList section */
		D05879B7277F381100427BAB /* Build configuration list for PBXProject "fall-detector" */ = {
			isa = XCConfigurationList;
			buildConfigurations = (
				D05879C8277F381500427BAB /* Debug */,
				D05879C9277F381500427BAB /* Release */,
			);
			defaultConfigurationIsVisible = 0;
			defaultConfigurationName = Release;
		};
		D05879CA277F381500427BAB /* Build configuration list for PBXNativeTarget "fall-detector" */ = {
			isa = XCConfigurationList;
			buildConfigurations = (
				D05879CB277F381500427BAB /* Debug */,
				D05879CC277F381500427BAB /* Release */,
			);
			defaultConfigurationIsVisible = 0;
			defaultConfigurationName = Release;
		};
/* End XCConfigurationList section */
	};
	rootObject = D05879B4277F381100427BAB /* Project object */;
}
